
Microsoft Visual Studio Solution File, Format Version 12.00
# Visual Studio Version 17
VisualStudioVersion = 17.4.33103.184
MinimumVisualStudioVersion = 10.0.40219.1
Project("{FAE04EC0-301F-11D3-BF4B-00C04F79EFBC}") = "PPExportTool", "PPExportTool\PPExportTool.csproj", "{EA96BC8D-9D6F-41B6-B1FE-DD9720D724EE}"
EndProject
Global
	GlobalSection(SolutionConfigurationPlatforms) = preSolution
		Debug|Any CPU = Debug|Any CPU
		Release|Any CPU = Release|Any CPU
	EndGlobalSection
	GlobalSection(ProjectConfigurationPlatforms) = postSolution
		{EA96BC8D-9D6F-41B6-B1FE-DD9720D724EE}.Debug|Any CPU.ActiveCfg = Debug|Any CPU
		{EA96BC8D-9D6F-41B6-B1FE-DD9720D724EE}.Debug|Any CPU.Build.0 = Debug|Any CPU
		{EA96BC8D-9D6F-41B6-B1FE-DD9720D724EE}.Release|Any CPU.ActiveCfg = Release|Any CPU
		{EA96BC8D-9D6F-41B6-B1FE-DD9720D724EE}.Release|Any CPU.Build.0 = Release|Any CPU
	EndGlobalSection
	GlobalSection(SolutionProperties) = preSolution
		HideSolutionNode = FALSE
	EndGlobalSection
	GlobalSection(ExtensibilityGlobals) = postSolution
		SolutionGuid = {78E0B92B-E223-4B57-A183-EA4328616616}
	EndGlobalSection
EndGlobal
